
Microsoft Visual Studio Solution File, Format Version 12.00
# Visual Studio Version 17
VisualStudioVersion = 17.3.32929.385
MinimumVisualStudioVersion = 10.0.40219.1
Project("{2150E333-8FDC-42A3-9474-1A3956D46DE8}") = "src", "src", "{A6D12B39-79D5-4319-9CE7-91F936E78C5E}"
EndProject
Project("{2150E333-8FDC-42A3-9474-1A3956D46DE8}") = "Dashboard", "Dashboard", "{9BAEF5A1-29F8-4B71-AE17-C026BC8423C9}"
EndProject
Project("{2150E333-8FDC-42A3-9474-1A3956D46DE8}") = "Hosts", "Hosts", "{F7F74CA0-7061-4150-AA8B-5EB3BF1B3D34}"
EndProject
Project("{2150E333-8FDC-42A3-9474-1A3956D46DE8}") = "Domain", "Domain", "{B4721E95-F0D1-4160-A96C-2FBF76806E22}"
EndProject
Project("{2150E333-8FDC-42A3-9474-1A3956D46DE8}") = "Application", "Application", "{A1439A0F-E7FC-4847-BD35-39C8B58040F0}"
EndProject
Project("{2150E333-8FDC-42A3-9474-1A3956D46DE8}") = "Contracts", "Contracts", "{AF2EEFD5-7B3D-439A-9923-39652404DA31}"
EndProject
Project("{2150E333-8FDC-42A3-9474-1A3956D46DE8}") = "Infrastructure", "Infrastructure", "{844ACF1E-4032-4FC4-A156-0302EF4C64FE}"
EndProject
Project("{2150E333-8FDC-42A3-9474-1A3956D46DE8}") = "Clients", "Clients", "{98B3002F-AB51-4DE5-BB0E-88339E745AD8}"
EndProject
Project("{9A19103F-16F7-4668-BE54-9A1E7A4F7556}") = "Dashboard.Domain", "DashboardProject\Dashboard\Domain\Dashboard.Domain\Dashboard.Domain.csproj", "{36713831-723B-4568-8115-2ACD07BBC3C7}"
EndProject
Project("{9A19103F-16F7-4668-BE54-9A1E7A4F7556}") = "Dashboard.Contracts", "DashboardProject\Dashboard\Contracts\Dashboard.Contracts\Dashboard.Contracts.csproj", "{9C5C67CB-787A-4318-9198-2AC03A5F0EAE}"
EndProject
Project("{9A19103F-16F7-4668-BE54-9A1E7A4F7556}") = "Dashboard.Clients", "Dashboard.Clients\Dashboard.Clients.csproj", "{62501938-8536-4E74-ADC0-880EB5F433B0}"
EndProject
Project("{9A19103F-16F7-4668-BE54-9A1E7A4F7556}") = "Dashboard.Infrastructure.DataAccess", "DashboardProject\Dashboard\Infrastructure\Dashboard.Infrastructure.DataAccess\Dashboard.Infrastructure.DataAccess.csproj", "{23CADC5D-2FAF-4C35-B32F-15E4635C251E}"
EndProject
Project("{9A19103F-16F7-4668-BE54-9A1E7A4F7556}") = "Dashboard.Infrastructure", "DashboardProject\Dashboard\Infrastructure\Dashboard.Infrastructure\Dashboard.Infrastructure.csproj", "{4009C5EA-9A47-46B1-91FE-470E105FC49B}"
EndProject
Project("{9A19103F-16F7-4668-BE54-9A1E7A4F7556}") = "Dashboard.Application", "DashboardProject\Dashboard\Application\Dashboard.Application\Dashboard.Application.csproj", "{046504F8-ABDB-497B-A85A-1325BC02EC5F}"
EndProject
Project("{9A19103F-16F7-4668-BE54-9A1E7A4F7556}") = "Dashboard.Infrastructure.ComponentsRegistrar", "DashboardProject\Dashboard\Infrastructure\Dashboard.Infrastructure.ComponentsRegistrar\Dashboard.Infrastructure.ComponentsRegistrar.csproj", "{590285D5-B423-4875-A68E-384610033D5E}"
EndProject
Project("{FAE04EC0-301F-11D3-BF4B-00C04F79EFBC}") = "Dashboard.Host.Api", "DashboardProject\Dashboard\Host\Dashboard.Host.Api\Dashboard.Host.Api\Dashboard.Host.Api.csproj", "{CED66188-7BAB-4EC9-BEA3-07D3F22C6B3F}"
EndProject
Global
	GlobalSection(SolutionConfigurationPlatforms) = preSolution
		Debug|Any CPU = Debug|Any CPU
		Release|Any CPU = Release|Any CPU
	EndGlobalSection
	GlobalSection(ProjectConfigurationPlatforms) = postSolution
		{36713831-723B-4568-8115-2ACD07BBC3C7}.Debug|Any CPU.ActiveCfg = Debug|Any CPU
		{36713831-723B-4568-8115-2ACD07BBC3C7}.Debug|Any CPU.Build.0 = Debug|Any CPU
		{36713831-723B-4568-8115-2ACD07BBC3C7}.Release|Any CPU.ActiveCfg = Release|Any CPU
		{36713831-723B-4568-8115-2ACD07BBC3C7}.Release|Any CPU.Build.0 = Release|Any CPU
		{9C5C67CB-787A-4318-9198-2AC03A5F0EAE}.Debug|Any CPU.ActiveCfg = Debug|Any CPU
		{9C5C67CB-787A-4318-9198-2AC03A5F0EAE}.Debug|Any CPU.Build.0 = Debug|Any CPU
		{9C5C67CB-787A-4318-9198-2AC03A5F0EAE}.Release|Any CPU.ActiveCfg = Release|Any CPU
		{9C5C67CB-787A-4318-9198-2AC03A5F0EAE}.Release|Any CPU.Build.0 = Release|Any CPU
		{62501938-8536-4E74-ADC0-880EB5F433B0}.Debug|Any CPU.ActiveCfg = Debug|Any CPU
		{62501938-8536-4E74-ADC0-880EB5F433B0}.Debug|Any CPU.Build.0 = Debug|Any CPU
		{62501938-8536-4E74-ADC0-880EB5F433B0}.Release|Any CPU.ActiveCfg = Release|Any CPU
		{62501938-8536-4E74-ADC0-880EB5F433B0}.Release|Any CPU.Build.0 = Release|Any CPU
		{23CADC5D-2FAF-4C35-B32F-15E4635C251E}.Debug|Any CPU.ActiveCfg = Debug|Any CPU
		{23CADC5D-2FAF-4C35-B32F-15E4635C251E}.Debug|Any CPU.Build.0 = Debug|Any CPU
		{23CADC5D-2FAF-4C35-B32F-15E4635C251E}.Release|Any CPU.ActiveCfg = Release|Any CPU
		{23CADC5D-2FAF-4C35-B32F-15E4635C251E}.Release|Any CPU.Build.0 = Release|Any CPU
		{4009C5EA-9A47-46B1-91FE-470E105FC49B}.Debug|Any CPU.ActiveCfg = Debug|Any CPU
		{4009C5EA-9A47-46B1-91FE-470E105FC49B}.Debug|Any CPU.Build.0 = Debug|Any CPU
		{4009C5EA-9A47-46B1-91FE-470E105FC49B}.Release|Any CPU.ActiveCfg = Release|Any CPU
		{4009C5EA-9A47-46B1-91FE-470E105FC49B}.Release|Any CPU.Build.0 = Release|Any CPU
		{046504F8-ABDB-497B-A85A-1325BC02EC5F}.Debug|Any CPU.ActiveCfg = Debug|Any CPU
		{046504F8-ABDB-497B-A85A-1325BC02EC5F}.Debug|Any CPU.Build.0 = Debug|Any CPU
		{046504F8-ABDB-497B-A85A-1325BC02EC5F}.Release|Any CPU.ActiveCfg = Release|Any CPU
		{046504F8-ABDB-497B-A85A-1325BC02EC5F}.Release|Any CPU.Build.0 = Release|Any CPU
		{590285D5-B423-4875-A68E-384610033D5E}.Debug|Any CPU.ActiveCfg = Debug|Any CPU
		{590285D5-B423-4875-A68E-384610033D5E}.Debug|Any CPU.Build.0 = Debug|Any CPU
		{590285D5-B423-4875-A68E-384610033D5E}.Release|Any CPU.ActiveCfg = Release|Any CPU
		{590285D5-B423-4875-A68E-384610033D5E}.Release|Any CPU.Build.0 = Release|Any CPU
		{CED66188-7BAB-4EC9-BEA3-07D3F22C6B3F}.Debug|Any CPU.ActiveCfg = Debug|Any CPU
		{CED66188-7BAB-4EC9-BEA3-07D3F22C6B3F}.Debug|Any CPU.Build.0 = Debug|Any CPU
		{CED66188-7BAB-4EC9-BEA3-07D3F22C6B3F}.Release|Any CPU.ActiveCfg = Release|Any CPU
		{CED66188-7BAB-4EC9-BEA3-07D3F22C6B3F}.Release|Any CPU.Build.0 = Release|Any CPU
	EndGlobalSection
	GlobalSection(SolutionProperties) = preSolution
		HideSolutionNode = FALSE
	EndGlobalSection
	GlobalSection(NestedProjects) = preSolution
		{9BAEF5A1-29F8-4B71-AE17-C026BC8423C9} = {A6D12B39-79D5-4319-9CE7-91F936E78C5E}
		{F7F74CA0-7061-4150-AA8B-5EB3BF1B3D34} = {9BAEF5A1-29F8-4B71-AE17-C026BC8423C9}
		{B4721E95-F0D1-4160-A96C-2FBF76806E22} = {9BAEF5A1-29F8-4B71-AE17-C026BC8423C9}
		{A1439A0F-E7FC-4847-BD35-39C8B58040F0} = {9BAEF5A1-29F8-4B71-AE17-C026BC8423C9}
		{AF2EEFD5-7B3D-439A-9923-39652404DA31} = {9BAEF5A1-29F8-4B71-AE17-C026BC8423C9}
		{844ACF1E-4032-4FC4-A156-0302EF4C64FE} = {9BAEF5A1-29F8-4B71-AE17-C026BC8423C9}
		{98B3002F-AB51-4DE5-BB0E-88339E745AD8} = {9BAEF5A1-29F8-4B71-AE17-C026BC8423C9}
		{36713831-723B-4568-8115-2ACD07BBC3C7} = {B4721E95-F0D1-4160-A96C-2FBF76806E22}
		{9C5C67CB-787A-4318-9198-2AC03A5F0EAE} = {AF2EEFD5-7B3D-439A-9923-39652404DA31}
		{62501938-8536-4E74-ADC0-880EB5F433B0} = {98B3002F-AB51-4DE5-BB0E-88339E745AD8}
		{23CADC5D-2FAF-4C35-B32F-15E4635C251E} = {844ACF1E-4032-4FC4-A156-0302EF4C64FE}
		{4009C5EA-9A47-46B1-91FE-470E105FC49B} = {844ACF1E-4032-4FC4-A156-0302EF4C64FE}
		{046504F8-ABDB-497B-A85A-1325BC02EC5F} = {A1439A0F-E7FC-4847-BD35-39C8B58040F0}
		{590285D5-B423-4875-A68E-384610033D5E} = {844ACF1E-4032-4FC4-A156-0302EF4C64FE}
		{CED66188-7BAB-4EC9-BEA3-07D3F22C6B3F} = {F7F74CA0-7061-4150-AA8B-5EB3BF1B3D34}
	EndGlobalSection
	GlobalSection(ExtensibilityGlobals) = postSolution
		SolutionGuid = {6279E2F7-D4E8-48B1-95E3-D5E58614A443}
	EndGlobalSection
EndGlobal
